
Microsoft Visual Studio Solution File, Format Version 9.00
# Visual C# Express 2005
Project("{FAE04EC0-301F-11D3-BF4B-00C04F79EFBC}") = "SourceRcon", "SourceRcon\SourceRcon.csproj", "{731FD57C-8B78-45C3-B1B6-D383CA134E36}"
EndProject
Project("{FAE04EC0-301F-11D3-BF4B-00C04F79EFBC}") = "SourceRconLib", "SourceRconLib\SourceRconLib.csproj", "{6F184EA5-616C-4A08-AADE-4B171F4BBDA0}"
EndProject
Global
	GlobalSection(SolutionConfigurationPlatforms) = preSolution
		Debug|Any CPU = Debug|Any CPU
		Release|Any CPU = Release|Any CPU
	EndGlobalSection
	GlobalSection(ProjectConfigurationPlatforms) = postSolution
		{731FD57C-8B78-45C3-B1B6-D383CA134E36}.Debug|Any CPU.ActiveCfg = Debug|Any CPU
		{731FD57C-8B78-45C3-B1B6-D383CA134E36}.Debug|Any CPU.Build.0 = Debug|Any CPU
		{731FD57C-8B78-45C3-B1B6-D383CA134E36}.Release|Any CPU.ActiveCfg = Release|Any CPU
		{731FD57C-8B78-45C3-B1B6-D383CA134E36}.Release|Any CPU.Build.0 = Release|Any CPU
		{6F184EA5-616C-4A08-AADE-4B171F4BBDA0}.Debug|Any CPU.ActiveCfg = Debug|Any CPU
		{6F184EA5-616C-4A08-AADE-4B171F4BBDA0}.Debug|Any CPU.Build.0 = Debug|Any CPU
		{6F184EA5-616C-4A08-AADE-4B171F4BBDA0}.Release|Any CPU.ActiveCfg = Release|Any CPU
		{6F184EA5-616C-4A08-AADE-4B171F4BBDA0}.Release|Any CPU.Build.0 = Release|Any CPU
	EndGlobalSection
	GlobalSection(SolutionProperties) = preSolution
		HideSolutionNode = FALSE
	EndGlobalSection
EndGlobal
